
Microsoft Visual Studio Solution File, Format Version 12.00
# Visual Studio Version 17
VisualStudioVersion = 17.10.35122.118
MinimumVisualStudioVersion = 10.0.40219.1
Project("{FAE04EC0-301F-11D3-BF4B-00C04F79EFBC}") = "MyMVCApp", "MyMVCApp\MyMVCApp.csproj", "{8F010360-8069-46BA-BF4F-D857A54A9BC9}"
EndProject
Global
	GlobalSection(SolutionConfigurationPlatforms) = preSolution
		Debug|Any CPU = Debug|Any CPU
		Release|Any CPU = Release|Any CPU
	EndGlobalSection
	GlobalSection(ProjectConfigurationPlatforms) = postSolution
		{8F010360-8069-46BA-BF4F-D857A54A9BC9}.Debug|Any CPU.ActiveCfg = Debug|Any CPU
		{8F010360-8069-46BA-BF4F-D857A54A9BC9}.Debug|Any CPU.Build.0 = Debug|Any CPU
		{8F010360-8069-46BA-BF4F-D857A54A9BC9}.Release|Any CPU.ActiveCfg = Release|Any CPU
		{8F010360-8069-46BA-BF4F-D857A54A9BC9}.Release|Any CPU.Build.0 = Release|Any CPU
	EndGlobalSection
	GlobalSection(SolutionProperties) = preSolution
		HideSolutionNode = FALSE
	EndGlobalSection
	GlobalSection(ExtensibilityGlobals) = postSolution
		SolutionGuid = {B85E8223-68EA-4705-91B5-E987296DCA43}
	EndGlobalSection
EndGlobal
